Microsoft Visual Studio Solution File, Format Version 11.00
# Visual Studio 2008

Project("{152645DA-F079-DB52-D99A-F74709D6C059}") = "File_Explorer", "Assembly-CSharp.csproj", "{E80E00AD-43C7-1A77-547D-9A1C8BE94228}"
EndProject
Global
	GlobalSection(SolutionConfigurationPlatforms) = preSolution
		Debug|Any CPU = Debug|Any CPU
		Release|Any CPU = Release|Any CPU
	EndGlobalSection
	GlobalSection(ProjectConfigurationPlatforms) = postSolution
		{E80E00AD-43C7-1A77-547D-9A1C8BE94228}.Debug|Any CPU.ActiveCfg = Debug|Any CPU
		{E80E00AD-43C7-1A77-547D-9A1C8BE94228}.Debug|Any CPU.Build.0 = Debug|Any CPU
		{E80E00AD-43C7-1A77-547D-9A1C8BE94228}.Release|Any CPU.ActiveCfg = Release|Any CPU
		{E80E00AD-43C7-1A77-547D-9A1C8BE94228}.Release|Any CPU.Build.0 = Release|Any CPU
	EndGlobalSection
	GlobalSection(SolutionProperties) = preSolution
		HideSolutionNode = FALSE
	EndGlobalSection
	GlobalSection(MonoDevelopProperties) = preSolution
		StartupItem = Assembly-CSharp.csproj
	EndGlobalSection
EndGlobal
